
Microsoft Visual Studio Solution File, Format Version 12.00
# Visual Studio 15
VisualStudioVersion = 15.0.27130.2010
MinimumVisualStudioVersion = 10.0.40219.1
Project("{FAE04EC0-301F-11D3-BF4B-00C04F79EFBC}") = "Filter_UWP2.Android", "Filter_UWP2\Filter_UWP2.Android\Filter_UWP2.Android.csproj", "{C306806D-F364-403C-9B9A-82539F8417A2}"
EndProject
Project("{FAE04EC0-301F-11D3-BF4B-00C04F79EFBC}") = "Filter_UWP2.iOS", "Filter_UWP2\Filter_UWP2.iOS\Filter_UWP2.iOS.csproj", "{83DCBA02-F18B-42A6-A7AE-E7297A1D46D6}"
EndProject
Project("{FAE04EC0-301F-11D3-BF4B-00C04F79EFBC}") = "Filter_UWP2.UWP", "Filter_UWP2\Filter_UWP2.UWP\Filter_UWP2.UWP.csproj", "{8679957B-AFA6-48B5-BF5C-FFFD820DDA67}"
EndProject
Project("{D954291E-2A0B-460D-934E-DC6B0785DB48}") = "Filter_UWP2", "Filter_UWP2\Filter_UWP2\Filter_UWP2.shproj", "{8717A963-0626-47E3-A032-F3F600DF5F7B}"
EndProject
Global
	GlobalSection(SharedMSBuildProjectFiles) = preSolution
		Filter_UWP2\Filter_UWP2\Filter_UWP2.projitems*{83dcba02-f18b-42a6-a7ae-e7297a1d46d6}*SharedItemsImports = 4
		Filter_UWP2\Filter_UWP2\Filter_UWP2.projitems*{8679957b-afa6-48b5-bf5c-fffd820dda67}*SharedItemsImports = 4
		Filter_UWP2\Filter_UWP2\Filter_UWP2.projitems*{8717a963-0626-47e3-a032-f3f600df5f7b}*SharedItemsImports = 13
		Filter_UWP2\Filter_UWP2\Filter_UWP2.projitems*{c306806d-f364-403c-9b9a-82539f8417a2}*SharedItemsImports = 4
	EndGlobalSection
	GlobalSection(SolutionConfigurationPlatforms) = preSolution
		Ad-Hoc|Any CPU = Ad-Hoc|Any CPU
		Ad-Hoc|ARM = Ad-Hoc|ARM
		Ad-Hoc|iPhone = Ad-Hoc|iPhone
		Ad-Hoc|iPhoneSimulator = Ad-Hoc|iPhoneSimulator
		Ad-Hoc|x64 = Ad-Hoc|x64
		Ad-Hoc|x86 = Ad-Hoc|x86
		AppStore|Any CPU = AppStore|Any CPU
		AppStore|ARM = AppStore|ARM
		AppStore|iPhone = AppStore|iPhone
		AppStore|iPhoneSimulator = AppStore|iPhoneSimulator
		AppStore|x64 = AppStore|x64
		AppStore|x86 = AppStore|x86
		Debug|Any CPU = Debug|Any CPU
		Debug|ARM = Debug|ARM
		Debug|iPhone = Debug|iPhone
		Debug|iPhoneSimulator = Debug|iPhoneSimulator
		Debug|x64 = Debug|x64
		Debug|x86 = Debug|x86
		Release|Any CPU = Release|Any CPU
		Release|ARM = Release|ARM
		Release|iPhone = Release|iPhone
		Release|iPhoneSimulator = Release|iPhoneSimulator
		Release|x64 = Release|x64
		Release|x86 = Release|x86
	EndGlobalSection
	GlobalSection(ProjectConfigurationPlatforms) = postSolution
		{C306806D-F364-403C-9B9A-82539F8417A2}.Ad-Hoc|Any CPU.ActiveCfg = Release|Any CPU
		{C306806D-F364-403C-9B9A-82539F8417A2}.Ad-Hoc|Any CPU.Build.0 = Release|Any CPU
		{C306806D-F364-403C-9B9A-82539F8417A2}.Ad-Hoc|Any CPU.Deploy.0 = Release|Any CPU
		{C306806D-F364-403C-9B9A-82539F8417A2}.Ad-Hoc|ARM.ActiveCfg = Release|Any CPU
		{C306806D-F364-403C-9B9A-82539F8417A2}.Ad-Hoc|ARM.Build.0 = Release|Any CPU
		{C306806D-F364-403C-9B9A-82539F8417A2}.Ad-Hoc|ARM.Deploy.0 = Release|Any CPU
		{C306806D-F364-403C-9B9A-82539F8417A2}.Ad-Hoc|iPhone.ActiveCfg = Release|Any CPU
		{C306806D-F364-403C-9B9A-82539F8417A2}.Ad-Hoc|iPhone.Build.0 = Release|Any CPU
		{C306806D-F364-403C-9B9A-82539F8417A2}.Ad-Hoc|iPhone.Deploy.0 = Release|Any CPU
		{C306806D-F364-403C-9B9A-82539F8417A2}.Ad-Hoc|iPhoneSimulator.ActiveCfg = Release|Any CPU
		{C306806D-F364-403C-9B9A-82539F8417A2}.Ad-Hoc|iPhoneSimulator.Build.0 = Release|Any CPU
		{C306806D-F364-403C-9B9A-82539F8417A2}.Ad-Hoc|iPhoneSimulator.Deploy.0 = Release|Any CPU
		{C306806D-F364-403C-9B9A-82539F8417A2}.Ad-Hoc|x64.ActiveCfg = Release|Any CPU
		{C306806D-F364-403C-9B9A-82539F8417A2}.Ad-Hoc|x64.Build.0 = Release|Any CPU
		{C306806D-F364-403C-9B9A-82539F8417A2}.Ad-Hoc|x64.Deploy.0 = Release|Any CPU
		{C306806D-F364-403C-9B9A-82539F8417A2}.Ad-Hoc|x86.ActiveCfg = Release|Any CPU
		{C306806D-F364-403C-9B9A-82539F8417A2}.Ad-Hoc|x86.Build.0 = Release|Any CPU
		{C306806D-F364-403C-9B9A-82539F8417A2}.Ad-Hoc|x86.Deploy.0 = Release|Any CPU
		{C306806D-F364-403C-9B9A-82539F8417A2}.AppStore|Any CPU.ActiveCfg = Release|Any CPU
		{C306806D-F364-403C-9B9A-82539F8417A2}.AppStore|Any CPU.Build.0 = Release|Any CPU
		{C306806D-F364-403C-9B9A-82539F8417A2}.AppStore|Any CPU.Deploy.0 = Release|Any CPU
		{C306806D-F364-403C-9B9A-82539F8417A2}.AppStore|ARM.ActiveCfg = Release|Any CPU
		{C306806D-F364-403C-9B9A-82539F8417A2}.AppStore|ARM.Build.0 = Release|Any CPU
		{C306806D-F364-403C-9B9A-82539F8417A2}.AppStore|ARM.Deploy.0 = Release|Any CPU
		{C306806D-F364-403C-9B9A-82539F8417A2}.AppStore|iPhone.ActiveCfg = Release|Any CPU
		{C306806D-F364-403C-9B9A-82539F8417A2}.AppStore|iPhone.Build.0 = Release|Any CPU
		{C306806D-F364-403C-9B9A-82539F8417A2}.AppStore|iPhone.Deploy.0 = Release|Any CPU
		{C306806D-F364-403C-9B9A-82539F8417A2}.AppStore|iPhoneSimulator.ActiveCfg = Release|Any CPU
		{C306806D-F364-403C-9B9A-82539F8417A2}.AppStore|iPhoneSimulator.Build.0 = Release|Any CPU
		{C306806D-F364-403C-9B9A-82539F8417A2}.AppStore|iPhoneSimulator.Deploy.0 = Release|Any CPU
		{C306806D-F364-403C-9B9A-82539F8417A2}.AppStore|x64.ActiveCfg = Release|Any CPU
		{C306806D-F364-403C-9B9A-82539F8417A2}.AppStore|x64.Build.0 = Release|Any CPU
		{C306806D-F364-403C-9B9A-82539F8417A2}.AppStore|x64.Deploy.0 = Release|Any CPU
		{C306806D-F364-403C-9B9A-82539F8417A2}.AppStore|x86.ActiveCfg = Release|Any CPU
		{C306806D-F364-403C-9B9A-82539F8417A2}.AppStore|x86.Build.0 = Release|Any CPU
		{C306806D-F364-403C-9B9A-82539F8417A2}.AppStore|x86.Deploy.0 = Release|Any CPU
		{C306806D-F364-403C-9B9A-82539F8417A2}.Debug|Any CPU.ActiveCfg = Debug|Any CPU
		{C306806D-F364-403C-9B9A-82539F8417A2}.Debug|Any CPU.Build.0 = Debug|Any CPU
		{C306806D-F364-403C-9B9A-82539F8417A2}.Debug|Any CPU.Deploy.0 = Debug|Any CPU
		{C306806D-F364-403C-9B9A-82539F8417A2}.Debug|ARM.ActiveCfg = Debug|Any CPU
		{C306806D-F364-403C-9B9A-82539F8417A2}.Debug|ARM.Build.0 = Debug|Any CPU
		{C306806D-F364-403C-9B9A-82539F8417A2}.Debug|ARM.Deploy.0 = Debug|Any CPU
		{C306806D-F364-403C-9B9A-82539F8417A2}.Debug|iPhone.ActiveCfg = Debug|Any CPU
		{C306806D-F364-403C-9B9A-82539F8417A2}.Debug|iPhone.Build.0 = Debug|Any CPU
		{C306806D-F364-403C-9B9A-82539F8417A2}.Debug|iPhone.Deploy.0 = Debug|Any CPU
		{C306806D-F364-403C-9B9A-82539F8417A2}.Debug|iPhoneSimulator.ActiveCfg = Debug|Any CPU
		{C306806D-F364-403C-9B9A-82539F8417A2}.Debug|iPhoneSimulator.Build.0 = Debug|Any CPU
		{C306806D-F364-403C-9B9A-82539F8417A2}.Debug|iPhoneSimulator.Deploy.0 = Debug|Any CPU
		{C306806D-F364-403C-9B9A-82539F8417A2}.Debug|x64.ActiveCfg = Debug|Any CPU
		{C306806D-F364-403C-9B9A-82539F8417A2}.Debug|x64.Build.0 = Debug|Any CPU
		{C306806D-F364-403C-9B9A-82539F8417A2}.Debug|x64.Deploy.0 = Debug|Any CPU
		{C306806D-F364-403C-9B9A-82539F8417A2}.Debug|x86.ActiveCfg = Debug|Any CPU
		{C306806D-F364-403C-9B9A-82539F8417A2}.Debug|x86.Build.0 = Debug|Any CPU
		{C306806D-F364-403C-9B9A-82539F8417A2}.Debug|x86.Deploy.0 = Debug|Any CPU
		{C306806D-F364-403C-9B9A-82539F8417A2}.Release|Any CPU.ActiveCfg = Release|Any CPU
		{C306806D-F364-403C-9B9A-82539F8417A2}.Release|Any CPU.Build.0 = Release|Any CPU
		{C306806D-F364-403C-9B9A-82539F8417A2}.Release|Any CPU.Deploy.0 = Release|Any CPU
		{C306806D-F364-403C-9B9A-82539F8417A2}.Release|ARM.ActiveCfg = Release|Any CPU
		{C306806D-F364-403C-9B9A-82539F8417A2}.Release|ARM.Build.0 = Release|Any CPU
		{C306806D-F364-403C-9B9A-82539F8417A2}.Release|ARM.Deploy.0 = Release|Any CPU
		{C306806D-F364-403C-9B9A-82539F8417A2}.Release|iPhone.ActiveCfg = Release|Any CPU
		{C306806D-F364-403C-9B9A-82539F8417A2}.Release|iPhone.Build.0 = Release|Any CPU
		{C306806D-F364-403C-9B9A-82539F8417A2}.Release|iPhone.Deploy.0 = Release|Any CPU
		{C306806D-F364-403C-9B9A-82539F8417A2}.Release|iPhoneSimulator.ActiveCfg = Release|Any CPU
		{C306806D-F364-403C-9B9A-82539F8417A2}.Release|iPhoneSimulator.Build.0 = Release|Any CPU
		{C306806D-F364-403C-9B9A-82539F8417A2}.Release|iPhoneSimulator.Deploy.0 = Release|Any CPU
		{C306806D-F364-403C-9B9A-82539F8417A2}.Release|x64.ActiveCfg = Release|Any CPU
		{C306806D-F364-403C-9B9A-82539F8417A2}.Release|x64.Build.0 = Release|Any CPU
		{C306806D-F364-403C-9B9A-82539F8417A2}.Release|x64.Deploy.0 = Release|Any CPU
		{C306806D-F364-403C-9B9A-82539F8417A2}.Release|x86.ActiveCfg = Release|Any CPU
		{C306806D-F364-403C-9B9A-82539F8417A2}.Release|x86.Build.0 = Release|Any CPU
		{C306806D-F364-403C-9B9A-82539F8417A2}.Release|x86.Deploy.0 = Release|Any CPU
		{83DCBA02-F18B-42A6-A7AE-E7297A1D46D6}.Ad-Hoc|Any CPU.ActiveCfg = Ad-Hoc|iPhone
		{83DCBA02-F18B-42A6-A7AE-E7297A1D46D6}.Ad-Hoc|ARM.ActiveCfg = Ad-Hoc|iPhone
		{83DCBA02-F18B-42A6-A7AE-E7297A1D46D6}.Ad-Hoc|iPhone.ActiveCfg = Ad-Hoc|iPhone
		{83DCBA02-F18B-42A6-A7AE-E7297A1D46D6}.Ad-Hoc|iPhone.Build.0 = Ad-Hoc|iPhone
		{83DCBA02-F18B-42A6-A7AE-E7297A1D46D6}.Ad-Hoc|iPhoneSimulator.ActiveCfg = Ad-Hoc|iPhoneSimulator
		{83DCBA02-F18B-42A6-A7AE-E7297A1D46D6}.Ad-Hoc|iPhoneSimulator.Build.0 = Ad-Hoc|iPhoneSimulator
		{83DCBA02-F18B-42A6-A7AE-E7297A1D46D6}.Ad-Hoc|x64.ActiveCfg = Ad-Hoc|iPhone
		{83DCBA02-F18B-42A6-A7AE-E7297A1D46D6}.Ad-Hoc|x86.ActiveCfg = Ad-Hoc|iPhone
		{83DCBA02-F18B-42A6-A7AE-E7297A1D46D6}.AppStore|Any CPU.ActiveCfg = AppStore|iPhone
		{83DCBA02-F18B-42A6-A7AE-E7297A1D46D6}.AppStore|ARM.ActiveCfg = AppStore|iPhone
		{83DCBA02-F18B-42A6-A7AE-E7297A1D46D6}.AppStore|iPhone.ActiveCfg = AppStore|iPhone
		{83DCBA02-F18B-42A6-A7AE-E7297A1D46D6}.AppStore|iPhone.Build.0 = AppStore|iPhone
		{83DCBA02-F18B-42A6-A7AE-E7297A1D46D6}.AppStore|iPhoneSimulator.ActiveCfg = AppStore|iPhoneSimulator
		{83DCBA02-F18B-42A6-A7AE-E7297A1D46D6}.AppStore|iPhoneSimulator.Build.0 = AppStore|iPhoneSimulator
		{83DCBA02-F18B-42A6-A7AE-E7297A1D46D6}.AppStore|x64.ActiveCfg = AppStore|iPhone
		{83DCBA02-F18B-42A6-A7AE-E7297A1D46D6}.AppStore|x86.ActiveCfg = AppStore|iPhone
		{83DCBA02-F18B-42A6-A7AE-E7297A1D46D6}.Debug|Any CPU.ActiveCfg = Debug|iPhone
		{83DCBA02-F18B-42A6-A7AE-E7297A1D46D6}.Debug|ARM.ActiveCfg = Debug|iPhone
		{83DCBA02-F18B-42A6-A7AE-E7297A1D46D6}.Debug|iPhone.ActiveCfg = Debug|iPhone
		{83DCBA02-F18B-42A6-A7AE-E7297A1D46D6}.Debug|iPhone.Build.0 = Debug|iPhone
		{83DCBA02-F18B-42A6-A7AE-E7297A1D46D6}.Debug|iPhoneSimulator.ActiveCfg = Debug|iPhoneSimulator
		{83DCBA02-F18B-42A6-A7AE-E7297A1D46D6}.Debug|iPhoneSimulator.Build.0 = Debug|iPhoneSimulator
		{83DCBA02-F18B-42A6-A7AE-E7297A1D46D6}.Debug|x64.ActiveCfg = Debug|iPhone
		{83DCBA02-F18B-42A6-A7AE-E7297A1D46D6}.Debug|x86.ActiveCfg = Debug|iPhone
		{83DCBA02-F18B-42A6-A7AE-E7297A1D46D6}.Release|Any CPU.ActiveCfg = Release|iPhone
		{83DCBA02-F18B-42A6-A7AE-E7297A1D46D6}.Release|ARM.ActiveCfg = Release|iPhone
		{83DCBA02-F18B-42A6-A7AE-E7297A1D46D6}.Release|iPhone.ActiveCfg = Release|iPhone
		{83DCBA02-F18B-42A6-A7AE-E7297A1D46D6}.Release|iPhone.Build.0 = Release|iPhone
		{83DCBA02-F18B-42A6-A7AE-E7297A1D46D6}.Release|iPhoneSimulator.ActiveCfg = Release|iPhoneSimulator
		{83DCBA02-F18B-42A6-A7AE-E7297A1D46D6}.Release|iPhoneSimulator.Build.0 = Release|iPhoneSimulator
		{83DCBA02-F18B-42A6-A7AE-E7297A1D46D6}.Release|x64.ActiveCfg = Release|iPhone
		{83DCBA02-F18B-42A6-A7AE-E7297A1D46D6}.Release|x86.ActiveCfg = Release|iPhone
		{8679957B-AFA6-48B5-BF5C-FFFD820DDA67}.Ad-Hoc|Any CPU.ActiveCfg = Release|x86
		{8679957B-AFA6-48B5-BF5C-FFFD820DDA67}.Ad-Hoc|Any CPU.Build.0 = Release|x86
		{8679957B-AFA6-48B5-BF5C-FFFD820DDA67}.Ad-Hoc|Any CPU.Deploy.0 = Release|x86
		{8679957B-AFA6-48B5-BF5C-FFFD820DDA67}.Ad-Hoc|ARM.ActiveCfg = Release|ARM
		{8679957B-AFA6-48B5-BF5C-FFFD820DDA67}.Ad-Hoc|ARM.Build.0 = Release|ARM
		{8679957B-AFA6-48B5-BF5C-FFFD820DDA67}.Ad-Hoc|ARM.Deploy.0 = Release|ARM
		{8679957B-AFA6-48B5-BF5C-FFFD820DDA67}.Ad-Hoc|iPhone.ActiveCfg = Release|x86
		{8679957B-AFA6-48B5-BF5C-FFFD820DDA67}.Ad-Hoc|iPhone.Build.0 = Release|x86
		{8679957B-AFA6-48B5-BF5C-FFFD820DDA67}.Ad-Hoc|iPhone.Deploy.0 = Release|x86
		{8679957B-AFA6-48B5-BF5C-FFFD820DDA67}.Ad-Hoc|iPhoneSimulator.ActiveCfg = Release|x86
		{8679957B-AFA6-48B5-BF5C-FFFD820DDA67}.Ad-Hoc|iPhoneSimulator.Build.0 = Release|x86
		{8679957B-AFA6-48B5-BF5C-FFFD820DDA67}.Ad-Hoc|iPhoneSimulator.Deploy.0 = Release|x86
		{8679957B-AFA6-48B5-BF5C-FFFD820DDA67}.Ad-Hoc|x64.ActiveCfg = Release|x64
		{8679957B-AFA6-48B5-BF5C-FFFD820DDA67}.Ad-Hoc|x64.Build.0 = Release|x64
		{8679957B-AFA6-48B5-BF5C-FFFD820DDA67}.Ad-Hoc|x64.Deploy.0 = Release|x64
		{8679957B-AFA6-48B5-BF5C-FFFD820DDA67}.Ad-Hoc|x86.ActiveCfg = Release|x86
		{8679957B-AFA6-48B5-BF5C-FFFD820DDA67}.Ad-Hoc|x86.Build.0 = Release|x86
		{8679957B-AFA6-48B5-BF5C-FFFD820DDA67}.Ad-Hoc|x86.Deploy.0 = Release|x86
		{8679957B-AFA6-48B5-BF5C-FFFD820DDA67}.AppStore|Any CPU.ActiveCfg = Release|x86
		{8679957B-AFA6-48B5-BF5C-FFFD820DDA67}.AppStore|Any CPU.Build.0 = Release|x86
		{8679957B-AFA6-48B5-BF5C-FFFD820DDA67}.AppStore|Any CPU.Deploy.0 = Release|x86
		{8679957B-AFA6-48B5-BF5C-FFFD820DDA67}.AppStore|ARM.ActiveCfg = Release|ARM
		{8679957B-AFA6-48B5-BF5C-FFFD820DDA67}.AppStore|ARM.Build.0 = Release|ARM
		{8679957B-AFA6-48B5-BF5C-FFFD820DDA67}.AppStore|ARM.Deploy.0 = Release|ARM
		{8679957B-AFA6-48B5-BF5C-FFFD820DDA67}.AppStore|iPhone.ActiveCfg = Release|x86
		{8679957B-AFA6-48B5-BF5C-FFFD820DDA67}.AppStore|iPhone.Build.0 = Release|x86
		{8679957B-AFA6-48B5-BF5C-FFFD820DDA67}.AppStore|iPhone.Deploy.0 = Release|x86
		{8679957B-AFA6-48B5-BF5C-FFFD820DDA67}.AppStore|iPhoneSimulator.ActiveCfg = Release|x86
		{8679957B-AFA6-48B5-BF5C-FFFD820DDA67}.AppStore|iPhoneSimulator.Build.0 = Release|x86
		{8679957B-AFA6-48B5-BF5C-FFFD820DDA67}.AppStore|iPhoneSimulator.Deploy.0 = Release|x86
		{8679957B-AFA6-48B5-BF5C-FFFD820DDA67}.AppStore|x64.ActiveCfg = Release|x64
		{8679957B-AFA6-48B5-BF5C-FFFD820DDA67}.AppStore|x64.Build.0 = Release|x64
		{8679957B-AFA6-48B5-BF5C-FFFD820DDA67}.AppStore|x64.Deploy.0 = Release|x64
		{8679957B-AFA6-48B5-BF5C-FFFD820DDA67}.AppStore|x86.ActiveCfg = Release|x86
		{8679957B-AFA6-48B5-BF5C-FFFD820DDA67}.AppStore|x86.Build.0 = Release|x86
		{8679957B-AFA6-48B5-BF5C-FFFD820DDA67}.AppStore|x86.Deploy.0 = Release|x86
		{8679957B-AFA6-48B5-BF5C-FFFD820DDA67}.Debug|Any CPU.ActiveCfg = Debug|x86
		{8679957B-AFA6-48B5-BF5C-FFFD820DDA67}.Debug|ARM.ActiveCfg = Debug|ARM
		{8679957B-AFA6-48B5-BF5C-FFFD820DDA67}.Debug|ARM.Build.0 = Debug|ARM
		{8679957B-AFA6-48B5-BF5C-FFFD820DDA67}.Debug|ARM.Deploy.0 = Debug|ARM
		{8679957B-AFA6-48B5-BF5C-FFFD820DDA67}.Debug|iPhone.ActiveCfg = Debug|x86
		{8679957B-AFA6-48B5-BF5C-FFFD820DDA67}.Debug|iPhoneSimulator.ActiveCfg = Debug|x86
		{8679957B-AFA6-48B5-BF5C-FFFD820DDA67}.Debug|x64.ActiveCfg = Debug|x64
		{8679957B-AFA6-48B5-BF5C-FFFD820DDA67}.Debug|x64.Build.0 = Debug|x64
		{8679957B-AFA6-48B5-BF5C-FFFD820DDA67}.Debug|x64.Deploy.0 = Debug|x64
		{8679957B-AFA6-48B5-BF5C-FFFD820DDA67}.Debug|x86.ActiveCfg = Debug|x86
		{8679957B-AFA6-48B5-BF5C-FFFD820DDA67}.Debug|x86.Build.0 = Debug|x86
		{8679957B-AFA6-48B5-BF5C-FFFD820DDA67}.Debug|x86.Deploy.0 = Debug|x86
		{8679957B-AFA6-48B5-BF5C-FFFD820DDA67}.Release|Any CPU.ActiveCfg = Release|x86
		{8679957B-AFA6-48B5-BF5C-FFFD820DDA67}.Release|ARM.ActiveCfg = Release|ARM
		{8679957B-AFA6-48B5-BF5C-FFFD820DDA67}.Release|ARM.Build.0 = Release|ARM
		{8679957B-AFA6-48B5-BF5C-FFFD820DDA67}.Release|ARM.Deploy.0 = Release|ARM
		{8679957B-AFA6-48B5-BF5C-FFFD820DDA67}.Release|iPhone.ActiveCfg = Release|x86
		{8679957B-AFA6-48B5-BF5C-FFFD820DDA67}.Release|iPhoneSimulator.ActiveCfg = Release|x86
		{8679957B-AFA6-48B5-BF5C-FFFD820DDA67}.Release|x64.ActiveCfg = Release|x64
		{8679957B-AFA6-48B5-BF5C-FFFD820DDA67}.Release|x64.Build.0 = Release|x64
		{8679957B-AFA6-48B5-BF5C-FFFD820DDA67}.Release|x64.Deploy.0 = Release|x64
		{8679957B-AFA6-48B5-BF5C-FFFD820DDA67}.Release|x86.ActiveCfg = Release|x86
		{8679957B-AFA6-48B5-BF5C-FFFD820DDA67}.Release|x86.Build.0 = Release|x86
		{8679957B-AFA6-48B5-BF5C-FFFD820DDA67}.Release|x86.Deploy.0 = Release|x86
	EndGlobalSection
	GlobalSection(SolutionProperties) = preSolution
		HideSolutionNode = FALSE
	EndGlobalSection
	GlobalSection(ExtensibilityGlobals) = postSolution
		SolutionGuid = {28F91777-BCAC-4CF1-9E60-22B9129BD810}
	EndGlobalSection
EndGlobal
